
Microsoft Visual Studio Solution File, Format Version 12.00
# Visual Studio Version 17
VisualStudioVersion = 17.8.34408.163
MinimumVisualStudioVersion = 10.0.40219.1
Project("{FAE04EC0-301F-11D3-BF4B-00C04F79EFBC}") = "Calculator", "Calculator.csproj", "{E497A5D4-A056-4EC1-960F-71ECC23103A2}"
EndProject
Global
	GlobalSection(SolutionConfigurationPlatforms) = preSolution
		Debug|Any CPU = Debug|Any CPU
		Release|Any CPU = Release|Any CPU
	EndGlobalSection
	GlobalSection(ProjectConfigurationPlatforms) = postSolution
		{E497A5D4-A056-4EC1-960F-71ECC23103A2}.Debug|Any CPU.ActiveCfg = Debug|Any CPU
		{E497A5D4-A056-4EC1-960F-71ECC23103A2}.Debug|Any CPU.Build.0 = Debug|Any CPU
		{E497A5D4-A056-4EC1-960F-71ECC23103A2}.Debug|Any CPU.Deploy.0 = Debug|Any CPU
		{E497A5D4-A056-4EC1-960F-71ECC23103A2}.Release|Any CPU.ActiveCfg = Release|Any CPU
		{E497A5D4-A056-4EC1-960F-71ECC23103A2}.Release|Any CPU.Build.0 = Release|Any CPU
		{E497A5D4-A056-4EC1-960F-71ECC23103A2}.Release|Any CPU.Deploy.0 = Release|Any CPU
	EndGlobalSection
	GlobalSection(SolutionProperties) = preSolution
		HideSolutionNode = FALSE
	EndGlobalSection
	GlobalSection(ExtensibilityGlobals) = postSolution
		SolutionGuid = {AD5DFC16-1F40-4569-A0DD-12F0C5CE7085}
	EndGlobalSection
EndGlobal
